
Microsoft Visual Studio Solution File, Format Version 12.00
# Visual Studio Version 17
VisualStudioVersion = 17.10.34607.79
MinimumVisualStudioVersion = 10.0.40219.1
Project("{2150E333-8FDC-42A3-9474-1A3956D46DE8}") = "src", "src", "{4DFBF83F-69A8-44B1-8959-27AC0E86E987}"
EndProject
Project("{2150E333-8FDC-42A3-9474-1A3956D46DE8}") = "corePackages", "corePackages", "{467405DD-CE15-43D3-B4AC-47B1692B36BF}"
EndProject
Project("{2150E333-8FDC-42A3-9474-1A3956D46DE8}") = "demoProjects", "demoProjects", "{BE444840-4652-44F7-9DCF-3343090C4628}"
EndProject
Project("{2150E333-8FDC-42A3-9474-1A3956D46DE8}") = "rentACar", "rentACar", "{1B0539F3-97C2-4C47-8F35-7311D0C8B408}"
EndProject
Project("{2150E333-8FDC-42A3-9474-1A3956D46DE8}") = "tests", "tests", "{661D3E26-0509-4597-B086-C28203C9D1D7}"
EndProject
Project("{2150E333-8FDC-42A3-9474-1A3956D46DE8}") = "templateProject", "templateProject", "{6CEF68A4-74EA-440D-8EFB-4A965769C1CE}"
EndProject
Project("{9A19103F-16F7-4668-BE54-9A1E7A4F7556}") = "Application", "src\demoProjects\rentACar\Application\Application.csproj", "{F1B233E1-8703-42A7-AE86-819BF4903411}"
EndProject
Project("{9A19103F-16F7-4668-BE54-9A1E7A4F7556}") = "Domain", "src\demoProjects\rentACar\Domain\Domain.csproj", "{CF87F714-0710-41E5-824F-7E15DEAF420F}"
EndProject
Project("{9A19103F-16F7-4668-BE54-9A1E7A4F7556}") = "Infrastructure", "src\demoProjects\rentACar\Infrastructure\Infrastructure.csproj", "{F203CAF9-7606-4076-AF48-EA3A80A447D7}"
EndProject
Project("{9A19103F-16F7-4668-BE54-9A1E7A4F7556}") = "Persistence", "src\demoProjects\rentACar\Persistence\Persistence.csproj", "{A6F75E7F-6606-4E32-8EB3-198502CA9AA5}"
EndProject
Project("{9A19103F-16F7-4668-BE54-9A1E7A4F7556}") = "WebAPI", "src\demoProjects\rentACar\WebAPI\WebAPI.csproj", "{33E6D9F3-C0FD-4A3C-8952-B8E42F717C3F}"
EndProject
Project("{9A19103F-16F7-4668-BE54-9A1E7A4F7556}") = "Core.Persistence", "src\corePackages\Core.Persistence\Core.Persistence.csproj", "{F6B70118-3782-49B7-AB68-03B60C319ECC}"
EndProject
Project("{9A19103F-16F7-4668-BE54-9A1E7A4F7556}") = "Application", "src\demoProjects\templateProject\Application\Application.csproj", "{7CB39656-F4ED-4085-BB56-C8711D8D97B6}"
EndProject
Project("{9A19103F-16F7-4668-BE54-9A1E7A4F7556}") = "Domain", "src\demoProjects\templateProject\Domain\Domain.csproj", "{7912BE26-D568-4420-A20F-17874EA45E91}"
EndProject
Project("{9A19103F-16F7-4668-BE54-9A1E7A4F7556}") = "Infrastructure", "src\demoProjects\templateProject\Infrastructure\Infrastructure.csproj", "{469045CF-3893-430D-916E-648D998E3347}"
EndProject
Project("{9A19103F-16F7-4668-BE54-9A1E7A4F7556}") = "Persistence", "src\demoProjects\templateProject\Persistence\Persistence.csproj", "{C965C30F-4978-4510-9F5D-BED8ECD6F9C5}"
EndProject
Project("{9A19103F-16F7-4668-BE54-9A1E7A4F7556}") = "WebAPI", "src\demoProjects\templateProject\WebAPI\WebAPI.csproj", "{B73D7D75-85D8-4ADB-A735-1DCFF0E2450E}"
EndProject
Project("{9A19103F-16F7-4668-BE54-9A1E7A4F7556}") = "Core.Application", "src\corePackages\Core.Application\Core.Application.csproj", "{91719023-0831-495D-835D-40E653BCAEE8}"
EndProject
Project("{9A19103F-16F7-4668-BE54-9A1E7A4F7556}") = "Core.Security", "src\corePackages\Core.Security\Core.Security.csproj", "{3071E8C1-C603-4D35-8258-D0A23630B482}"
EndProject
Project("{9A19103F-16F7-4668-BE54-9A1E7A4F7556}") = "Core.ElasticSearch", "src\corePackages\Core.ElasticSearch\Core.ElasticSearch.csproj", "{FC276B39-03D5-41A9-A015-70A8D41544EF}"
EndProject
Project("{9A19103F-16F7-4668-BE54-9A1E7A4F7556}") = "Core.Mailing", "src\corePackages\Core.Mailing\Core.Mailing.csproj", "{BE1F230C-F8D7-4355-A183-C67E24FB7199}"
EndProject
Project("{FAE04EC0-301F-11D3-BF4B-00C04F79EFBC}") = "Core.CrossCuttingConcerns", "src\corePackages\Core.CrossCuttingConcerns\Core.CrossCuttingConcerns.csproj", "{21CDDC3D-69EA-4716-8AB0-42A78E655789}"
EndProject
Global
	GlobalSection(SolutionConfigurationPlatforms) = preSolution
		Debug|Any CPU = Debug|Any CPU
		Release|Any CPU = Release|Any CPU
	EndGlobalSection
	GlobalSection(ProjectConfigurationPlatforms) = postSolution
		{F1B233E1-8703-42A7-AE86-819BF4903411}.Debug|Any CPU.ActiveCfg = Debug|Any CPU
		{F1B233E1-8703-42A7-AE86-819BF4903411}.Debug|Any CPU.Build.0 = Debug|Any CPU
		{F1B233E1-8703-42A7-AE86-819BF4903411}.Release|Any CPU.ActiveCfg = Release|Any CPU
		{F1B233E1-8703-42A7-AE86-819BF4903411}.Release|Any CPU.Build.0 = Release|Any CPU
		{CF87F714-0710-41E5-824F-7E15DEAF420F}.Debug|Any CPU.ActiveCfg = Debug|Any CPU
		{CF87F714-0710-41E5-824F-7E15DEAF420F}.Debug|Any CPU.Build.0 = Debug|Any CPU
		{CF87F714-0710-41E5-824F-7E15DEAF420F}.Release|Any CPU.ActiveCfg = Release|Any CPU
		{CF87F714-0710-41E5-824F-7E15DEAF420F}.Release|Any CPU.Build.0 = Release|Any CPU
		{F203CAF9-7606-4076-AF48-EA3A80A447D7}.Debug|Any CPU.ActiveCfg = Debug|Any CPU
		{F203CAF9-7606-4076-AF48-EA3A80A447D7}.Debug|Any CPU.Build.0 = Debug|Any CPU
		{F203CAF9-7606-4076-AF48-EA3A80A447D7}.Release|Any CPU.ActiveCfg = Release|Any CPU
		{F203CAF9-7606-4076-AF48-EA3A80A447D7}.Release|Any CPU.Build.0 = Release|Any CPU
		{A6F75E7F-6606-4E32-8EB3-198502CA9AA5}.Debug|Any CPU.ActiveCfg = Debug|Any CPU
		{A6F75E7F-6606-4E32-8EB3-198502CA9AA5}.Debug|Any CPU.Build.0 = Debug|Any CPU
		{A6F75E7F-6606-4E32-8EB3-198502CA9AA5}.Release|Any CPU.ActiveCfg = Release|Any CPU
		{A6F75E7F-6606-4E32-8EB3-198502CA9AA5}.Release|Any CPU.Build.0 = Release|Any CPU
		{33E6D9F3-C0FD-4A3C-8952-B8E42F717C3F}.Debug|Any CPU.ActiveCfg = Debug|Any CPU
		{33E6D9F3-C0FD-4A3C-8952-B8E42F717C3F}.Debug|Any CPU.Build.0 = Debug|Any CPU
		{33E6D9F3-C0FD-4A3C-8952-B8E42F717C3F}.Release|Any CPU.ActiveCfg = Release|Any CPU
		{33E6D9F3-C0FD-4A3C-8952-B8E42F717C3F}.Release|Any CPU.Build.0 = Release|Any CPU
		{F6B70118-3782-49B7-AB68-03B60C319ECC}.Debug|Any CPU.ActiveCfg = Debug|Any CPU
		{F6B70118-3782-49B7-AB68-03B60C319ECC}.Debug|Any CPU.Build.0 = Debug|Any CPU
		{F6B70118-3782-49B7-AB68-03B60C319ECC}.Release|Any CPU.ActiveCfg = Release|Any CPU
		{F6B70118-3782-49B7-AB68-03B60C319ECC}.Release|Any CPU.Build.0 = Release|Any CPU
		{7CB39656-F4ED-4085-BB56-C8711D8D97B6}.Debug|Any CPU.ActiveCfg = Debug|Any CPU
		{7CB39656-F4ED-4085-BB56-C8711D8D97B6}.Debug|Any CPU.Build.0 = Debug|Any CPU
		{7CB39656-F4ED-4085-BB56-C8711D8D97B6}.Release|Any CPU.ActiveCfg = Release|Any CPU
		{7CB39656-F4ED-4085-BB56-C8711D8D97B6}.Release|Any CPU.Build.0 = Release|Any CPU
		{7912BE26-D568-4420-A20F-17874EA45E91}.Debug|Any CPU.ActiveCfg = Debug|Any CPU
		{7912BE26-D568-4420-A20F-17874EA45E91}.Debug|Any CPU.Build.0 = Debug|Any CPU
		{7912BE26-D568-4420-A20F-17874EA45E91}.Release|Any CPU.ActiveCfg = Release|Any CPU
		{7912BE26-D568-4420-A20F-17874EA45E91}.Release|Any CPU.Build.0 = Release|Any CPU
		{469045CF-3893-430D-916E-648D998E3347}.Debug|Any CPU.ActiveCfg = Debug|Any CPU
		{469045CF-3893-430D-916E-648D998E3347}.Debug|Any CPU.Build.0 = Debug|Any CPU
		{469045CF-3893-430D-916E-648D998E3347}.Release|Any CPU.ActiveCfg = Release|Any CPU
		{469045CF-3893-430D-916E-648D998E3347}.Release|Any CPU.Build.0 = Release|Any CPU
		{C965C30F-4978-4510-9F5D-BED8ECD6F9C5}.Debug|Any CPU.ActiveCfg = Debug|Any CPU
		{C965C30F-4978-4510-9F5D-BED8ECD6F9C5}.Debug|Any CPU.Build.0 = Debug|Any CPU
		{C965C30F-4978-4510-9F5D-BED8ECD6F9C5}.Release|Any CPU.ActiveCfg = Release|Any CPU
		{C965C30F-4978-4510-9F5D-BED8ECD6F9C5}.Release|Any CPU.Build.0 = Release|Any CPU
		{B73D7D75-85D8-4ADB-A735-1DCFF0E2450E}.Debug|Any CPU.ActiveCfg = Debug|Any CPU
		{B73D7D75-85D8-4ADB-A735-1DCFF0E2450E}.Debug|Any CPU.Build.0 = Debug|Any CPU
		{B73D7D75-85D8-4ADB-A735-1DCFF0E2450E}.Release|Any CPU.ActiveCfg = Release|Any CPU
		{B73D7D75-85D8-4ADB-A735-1DCFF0E2450E}.Release|Any CPU.Build.0 = Release|Any CPU
		{91719023-0831-495D-835D-40E653BCAEE8}.Debug|Any CPU.ActiveCfg = Debug|Any CPU
		{91719023-0831-495D-835D-40E653BCAEE8}.Debug|Any CPU.Build.0 = Debug|Any CPU
		{91719023-0831-495D-835D-40E653BCAEE8}.Release|Any CPU.ActiveCfg = Release|Any CPU
		{91719023-0831-495D-835D-40E653BCAEE8}.Release|Any CPU.Build.0 = Release|Any CPU
		{3071E8C1-C603-4D35-8258-D0A23630B482}.Debug|Any CPU.ActiveCfg = Debug|Any CPU
		{3071E8C1-C603-4D35-8258-D0A23630B482}.Debug|Any CPU.Build.0 = Debug|Any CPU
		{3071E8C1-C603-4D35-8258-D0A23630B482}.Release|Any CPU.ActiveCfg = Release|Any CPU
		{3071E8C1-C603-4D35-8258-D0A23630B482}.Release|Any CPU.Build.0 = Release|Any CPU
		{FC276B39-03D5-41A9-A015-70A8D41544EF}.Debug|Any CPU.ActiveCfg = Debug|Any CPU
		{FC276B39-03D5-41A9-A015-70A8D41544EF}.Debug|Any CPU.Build.0 = Debug|Any CPU
		{FC276B39-03D5-41A9-A015-70A8D41544EF}.Release|Any CPU.ActiveCfg = Release|Any CPU
		{FC276B39-03D5-41A9-A015-70A8D41544EF}.Release|Any CPU.Build.0 = Release|Any CPU
		{BE1F230C-F8D7-4355-A183-C67E24FB7199}.Debug|Any CPU.ActiveCfg = Debug|Any CPU
		{BE1F230C-F8D7-4355-A183-C67E24FB7199}.Debug|Any CPU.Build.0 = Debug|Any CPU
		{BE1F230C-F8D7-4355-A183-C67E24FB7199}.Release|Any CPU.ActiveCfg = Release|Any CPU
		{BE1F230C-F8D7-4355-A183-C67E24FB7199}.Release|Any CPU.Build.0 = Release|Any CPU
		{21CDDC3D-69EA-4716-8AB0-42A78E655789}.Debug|Any CPU.ActiveCfg = Debug|Any CPU
		{21CDDC3D-69EA-4716-8AB0-42A78E655789}.Debug|Any CPU.Build.0 = Debug|Any CPU
		{21CDDC3D-69EA-4716-8AB0-42A78E655789}.Release|Any CPU.ActiveCfg = Release|Any CPU
		{21CDDC3D-69EA-4716-8AB0-42A78E655789}.Release|Any CPU.Build.0 = Release|Any CPU
	EndGlobalSection
	GlobalSection(SolutionProperties) = preSolution
		HideSolutionNode = FALSE
	EndGlobalSection
	GlobalSection(NestedProjects) = preSolution
		{467405DD-CE15-43D3-B4AC-47B1692B36BF} = {4DFBF83F-69A8-44B1-8959-27AC0E86E987}
		{BE444840-4652-44F7-9DCF-3343090C4628} = {4DFBF83F-69A8-44B1-8959-27AC0E86E987}
		{1B0539F3-97C2-4C47-8F35-7311D0C8B408} = {BE444840-4652-44F7-9DCF-3343090C4628}
		{6CEF68A4-74EA-440D-8EFB-4A965769C1CE} = {BE444840-4652-44F7-9DCF-3343090C4628}
		{F1B233E1-8703-42A7-AE86-819BF4903411} = {1B0539F3-97C2-4C47-8F35-7311D0C8B408}
		{CF87F714-0710-41E5-824F-7E15DEAF420F} = {1B0539F3-97C2-4C47-8F35-7311D0C8B408}
		{F203CAF9-7606-4076-AF48-EA3A80A447D7} = {1B0539F3-97C2-4C47-8F35-7311D0C8B408}
		{A6F75E7F-6606-4E32-8EB3-198502CA9AA5} = {1B0539F3-97C2-4C47-8F35-7311D0C8B408}
		{33E6D9F3-C0FD-4A3C-8952-B8E42F717C3F} = {1B0539F3-97C2-4C47-8F35-7311D0C8B408}
		{F6B70118-3782-49B7-AB68-03B60C319ECC} = {467405DD-CE15-43D3-B4AC-47B1692B36BF}
		{7CB39656-F4ED-4085-BB56-C8711D8D97B6} = {6CEF68A4-74EA-440D-8EFB-4A965769C1CE}
		{7912BE26-D568-4420-A20F-17874EA45E91} = {6CEF68A4-74EA-440D-8EFB-4A965769C1CE}
		{469045CF-3893-430D-916E-648D998E3347} = {6CEF68A4-74EA-440D-8EFB-4A965769C1CE}
		{C965C30F-4978-4510-9F5D-BED8ECD6F9C5} = {6CEF68A4-74EA-440D-8EFB-4A965769C1CE}
		{B73D7D75-85D8-4ADB-A735-1DCFF0E2450E} = {6CEF68A4-74EA-440D-8EFB-4A965769C1CE}
		{91719023-0831-495D-835D-40E653BCAEE8} = {467405DD-CE15-43D3-B4AC-47B1692B36BF}
		{3071E8C1-C603-4D35-8258-D0A23630B482} = {467405DD-CE15-43D3-B4AC-47B1692B36BF}
		{FC276B39-03D5-41A9-A015-70A8D41544EF} = {467405DD-CE15-43D3-B4AC-47B1692B36BF}
		{BE1F230C-F8D7-4355-A183-C67E24FB7199} = {467405DD-CE15-43D3-B4AC-47B1692B36BF}
		{21CDDC3D-69EA-4716-8AB0-42A78E655789} = {467405DD-CE15-43D3-B4AC-47B1692B36BF}
	EndGlobalSection
	GlobalSection(ExtensibilityGlobals) = postSolution
		SolutionGuid = {E20A2B62-70C1-45C9-9A68-E6AB5702BCE6}
	EndGlobalSection
EndGlobal
